
Microsoft Visual Studio Solution File, Format Version 12.00
# Visual Studio Version 17
VisualStudioVersion = 17.3.32929.385
MinimumVisualStudioVersion = 10.0.40219.1
Project("{FAE04EC0-301F-11D3-BF4B-00C04F79EFBC}") = "Cards", "Cards.csproj", "{C33652BE-C557-404A-9F4F-1BA209A777BE}"
EndProject
Global
	GlobalSection(SolutionConfigurationPlatforms) = preSolution
		Debug|Any CPU = Debug|Any CPU
		Release|Any CPU = Release|Any CPU
	EndGlobalSection
	GlobalSection(ProjectConfigurationPlatforms) = postSolution
		{C33652BE-C557-404A-9F4F-1BA209A777BE}.Debug|Any CPU.ActiveCfg = Debug|Any CPU
		{C33652BE-C557-404A-9F4F-1BA209A777BE}.Debug|Any CPU.Build.0 = Debug|Any CPU
		{C33652BE-C557-404A-9F4F-1BA209A777BE}.Release|Any CPU.ActiveCfg = Release|Any CPU
		{C33652BE-C557-404A-9F4F-1BA209A777BE}.Release|Any CPU.Build.0 = Release|Any CPU
	EndGlobalSection
	GlobalSection(SolutionProperties) = preSolution
		HideSolutionNode = FALSE
	EndGlobalSection
	GlobalSection(ExtensibilityGlobals) = postSolution
		SolutionGuid = {8727FB27-5740-4611-AD27-66C0907937A5}
	EndGlobalSection
EndGlobal
